
Microsoft Visual Studio Solution File, Format Version 12.00
# Visual Studio Version 17
VisualStudioVersion = 17.9.34714.143
MinimumVisualStudioVersion = 10.0.40219.1
Project("{FAE04EC0-301F-11D3-BF4B-00C04F79EFBC}") = "Examen1", "Examen1.csproj", "{C191B08E-F952-45F8-A21F-18D861419831}"
EndProject
Global
	GlobalSection(SolutionConfigurationPlatforms) = preSolution
		Debug|Any CPU = Debug|Any CPU
		Release|Any CPU = Release|Any CPU
	EndGlobalSection
	GlobalSection(ProjectConfigurationPlatforms) = postSolution
		{C191B08E-F952-45F8-A21F-18D861419831}.Debug|Any CPU.ActiveCfg = Debug|Any CPU
		{C191B08E-F952-45F8-A21F-18D861419831}.Debug|Any CPU.Build.0 = Debug|Any CPU
		{C191B08E-F952-45F8-A21F-18D861419831}.Release|Any CPU.ActiveCfg = Release|Any CPU
		{C191B08E-F952-45F8-A21F-18D861419831}.Release|Any CPU.Build.0 = Release|Any CPU
	EndGlobalSection
	GlobalSection(SolutionProperties) = preSolution
		HideSolutionNode = FALSE
	EndGlobalSection
	GlobalSection(ExtensibilityGlobals) = postSolution
		SolutionGuid = {87A7C1A4-DF92-4ED7-8341-B78C46047D6C}
	EndGlobalSection
EndGlobal
